// !$*UTF8*$!
{
	archiveVersion = 1;
	classes = {
	};
	objectVersion = 56;
	objects = {

/* Begin PBXBuildFile section */
		257ED2E42A0CB83B0061B153 /* AppDelegate.swift in Sources */ = {isa = PBXBuildFile; fileRef = 257ED2E32A0CB83B0061B153 /* AppDelegate.swift */; };
		257ED2E62A0CB83B0061B153 /* SceneDelegate.swift in Sources */ = {isa = PBXBuildFile; fileRef = 257ED2E52A0CB83B0061B153 /* SceneDelegate.swift */; };
		257ED2E82A0CB83B0061B153 /* ViewController.swift in Sources */ = {isa = PBXBuildFile; fileRef = 257ED2E72A0CB83B0061B153 /* ViewController.swift */; };
		257ED2EB2A0CB83B0061B153 /* Main.storyboard in Resources */ = {isa = PBXBuildFile; fileRef = 257ED2E92A0CB83B0061B153 /* Main.storyboard */; };
		257ED2EE2A0CB83B0061B153 /* EkekoII.xcdatamodeld in Sources */ = {isa = PBXBuildFile; fileRef = 257ED2EC2A0CB83B0061B153 /* EkekoII.xcdatamodeld */; };
		257ED2F02A0CB83C0061B153 /* Assets.xcassets in Resources */ = {isa = PBXBuildFile; fileRef = 257ED2EF2A0CB83C0061B153 /* Assets.xcassets */; };
		257ED2F32A0CB83C0061B153 /* LaunchScreen.storyboard in Resources */ = {isa = PBXBuildFile; fileRef = 257ED2F12A0CB83C0061B153 /* LaunchScreen.storyboard */; };
		257ED2FB2A0CB9C60061B153 /* APICaller.swift in Sources */ = {isa = PBXBuildFile; fileRef = 257ED2FA2A0CB9C60061B153 /* APICaller.swift */; };
/* End PBXBuildFile section */

/* Begin PBXFileReference section */
		257ED2E02A0CB83B0061B153 /* EkekoII.app */ = {isa = PBXFileReference; explicitFileType = wrapper.application; includeInIndex = 0; path = EkekoII.app; sourceTree = BUILT_PRODUCTS_DIR; };
		257ED2E32A0CB83B0061B153 /* AppDelegate.swift */ = {isa = PBXFileReference; lastKnownFileType = sourcecode.swift; path = AppDelegate.swift; sourceTree = "<group>"; };
		257ED2E52A0CB83B0061B153 /* SceneDelegate.swift */ = {isa = PBXFileReference; lastKnownFileType = sourcecode.swift; path = SceneDelegate.swift; sourceTree = "<group>"; };
		257ED2E72A0CB83B0061B153 /* ViewController.swift */ = {isa = PBXFileReference; lastKnownFileType = sourcecode.swift; path = ViewController.swift; sourceTree = "<group>"; };
		257ED2EA2A0CB83B0061B153 /* Base */ = {isa = PBXFileReference; lastKnownFileType = file.storyboard; name = Base; path = Base.lproj/Main.storyboard; sourceTree = "<group>"; };
		257ED2ED2A0CB83B0061B153 /* EkekoII.xcdatamodel */ = {isa = PBXFileReference; lastKnownFileType = wrapper.xcdatamodel; path = EkekoII.xcdatamodel; sourceTree = "<group>"; };
		257ED2EF2A0CB83C0061B153 /* Assets.xcassets */ = {isa = PBXFileReference; lastKnownFileType = folder.assetcatalog; path = Assets.xcassets; sourceTree = "<group>"; };
		257ED2F22A0CB83C0061B153 /* Base */ = {isa = PBXFileReference; lastKnownFileType = file.storyboard; name = Base; path = Base.lproj/LaunchScreen.storyboard; sourceTree = "<group>"; };
		257ED2F42A0CB83C0061B153 /* Info.plist */ = {isa = PBXFileReference; lastKnownFileType = text.plist.xml; path = Info.plist; sourceTree = "<group>"; };
		257ED2FA2A0CB9C60061B153 /* APICaller.swift */ = {isa = PBXFileReference; lastKnownFileType = sourcecode.swift; path = APICaller.swift; sourceTree = "<group>"; };
/* End PBXFileReference section */

/* Begin PBXFrameworksBuildPhase section */
		257ED2DD2A0CB83B0061B153 /* Frameworks */ = {
			isa = PBXFrameworksBuildPhase;
			buildActionMask = 2147483647;
			files = (
			);
			runOnlyForDeploymentPostprocessing = 0;
		};
/* End PBXFrameworksBuildPhase section */

/* Begin PBXGroup section */
		257ED2D72A0CB83B0061B153 = {
			isa = PBXGroup;
			children = (
				257ED2E22A0CB83B0061B153 /* EkekoII */,
				257ED2E12A0CB83B0061B153 /* Products */,
			);
			sourceTree = "<group>";
		};
		257ED2E12A0CB83B0061B153 /* Products */ = {
			isa = PBXGroup;
			children = (
				257ED2E02A0CB83B0061B153 /* EkekoII.app */,
			);
			name = Products;
			sourceTree = "<group>";
		};
		257ED2E22A0CB83B0061B153 /* EkekoII */ = {
			isa = PBXGroup;
			children = (
				257ED2FA2A0CB9C60061B153 /* APICaller.swift */,
				257ED2E32A0CB83B0061B153 /* AppDelegate.swift */,
				257ED2E52A0CB83B0061B153 /* SceneDelegate.swift */,
				257ED2E72A0CB83B0061B153 /* ViewController.swift */,
				257ED2E92A0CB83B0061B153 /* Main.storyboard */,
				257ED2EF2A0CB83C0061B153 /* Assets.xcassets */,
				257ED2F12A0CB83C0061B153 /* LaunchScreen.storyboard */,
				257ED2F42A0CB83C0061B153 /* Info.plist */,
				257ED2EC2A0CB83B0061B153 /* EkekoII.xcdatamodeld */,
			);
			path = EkekoII;
			sourceTree = "<group>";
		};
/* End PBXGroup section */

/* Begin PBXNativeTarget section */
		257ED2DF2A0CB83B0061B153 /* EkekoII */ = {
			isa = PBXNativeTarget;
			buildConfigurationList = 257ED2F72A0CB83C0061B153 /* Build configuration list for PBXNativeTarget "EkekoII" */;
			buildPhases = (
				257ED2DC2A0CB83B0061B153 /* Sources */,
				257ED2DD2A0CB83B0061B153 /* Frameworks */,
				257ED2DE2A0CB83B0061B153 /* Resources */,
			);
			buildRules = (
			);
			dependencies = (
			);
			name = EkekoII;
			productName = EkekoII;
			productReference = 257ED2E02A0CB83B0061B153 /* EkekoII.app */;
			productType = "com.apple.product-type.application";
		};
/* End PBXNativeTarget section */

/* Begin PBXProject section */
		257ED2D82A0CB83B0061B153 /* Project object */ = {
			isa = PBXProject;
			attributes = {
				BuildIndependentTargetsInParallel = 1;
				LastSwiftUpdateCheck = 1420;
				LastUpgradeCheck = 1420;
				TargetAttributes = {
					257ED2DF2A0CB83B0061B153 = {
						CreatedOnToolsVersion = 14.2;
					};
				};
			};
			buildConfigurationList = 257ED2DB2A0CB83B0061B153 /* Build configuration list for PBXProject "EkekoII" */;
			compatibilityVersion = "Xcode 14.0";
			developmentRegion = en;
			hasScannedForEncodings = 0;
			knownRegions = (
				en,
				Base,
			);
			mainGroup = 257ED2D72A0CB83B0061B153;
			productRefGroup = 257ED2E12A0CB83B0061B153 /* Products */;
			projectDirPath = "";
			projectRoot = "";
			targets = (
				257ED2DF2A0CB83B0061B153 /* EkekoII */,
			);
		};
/* End PBXProject section */

/* Begin PBXResourcesBuildPhase section */
		257ED2DE2A0CB83B0061B153 /* Resources */ = {
			isa = PBXResourcesBuildPhase;
			buildActionMask = 2147483647;
			files = (
				257ED2F32A0CB83C0061B153 /* LaunchScreen.storyboard in Resources */,
				257ED2F02A0CB83C0061B153 /* Assets.xcassets in Resources */,
				257ED2EB2A0CB83B0061B153 /* Main.storyboard in Resources */,
			);
			runOnlyForDeploymentPostprocessing = 0;
		};
/* End PBXResourcesBuildPhase section */

/* Begin PBXSourcesBuildPhase section */
		257ED2DC2A0CB83B0061B153 /* Sources */ = {
			isa = PBXSourcesBuildPhase;
			buildActionMask = 2147483647;
			files = (
				257ED2E82A0CB83B0061B153 /* ViewController.swift in Sources */,
				257ED2EE2A0CB83B0061B153 /* EkekoII.xcdatamodeld in Sources */,
				257ED2E42A0CB83B0061B153 /* AppDelegate.swift in Sources */,
				257ED2FB2A0CB9C60061B153 /* APICaller.swift in Sources */,
				257ED2E62A0CB83B0061B153 /* SceneDelegate.swift in Sources */,
			);
			runOnlyForDeploymentPostprocessing = 0;
		};
/* End PBXSourcesBuildPhase section */

/* Begin PBXVariantGroup section */
		257ED2E92A0CB83B0061B153 /* Main.storyboard */ = {
			isa = PBXVariantGroup;
			children = (
				257ED2EA2A0CB83B0061B153 /* Base */,
			);
			name = Main.storyboard;
			sourceTree = "<group>";
		};
		257ED2F12A0CB83C0061B153 /* LaunchScreen.storyboard */ = {
			isa = PBXVariantGroup;
			children = (
				257ED2F22A0CB83C0061B153 /* Base */,
			);
			name = LaunchScreen.storyboard;
			sourceTree = "<group>";
		};
/* End PBXVariantGroup section */

/* Begin XCBuildConfiguration section */
		257ED2F52A0CB83C0061B153 /* Debug */ = {
			isa = XCBuildConfiguration;
			buildSettings = {
				ALWAYS_SEARCH_USER_PATHS = NO;
				CLANG_ANALYZER_NONNULL = YES;
				CLANG_ANALYZER_NUMBER_OBJECT_CONVERSION = YES_AGGRESSIVE;
				CLANG_CXX_LANGUAGE_STANDARD = "gnu++20";
				CLANG_ENABLE_MODULES = YES;
				CLANG_ENABLE_OBJC_ARC = YES;
				CLANG_ENABLE_OBJC_WEAK = YES;
				CLANG_WARN_BLOCK_CAPTURE_AUTORELEASING = YES;
				CLANG_WARN_BOOL_CONVERSION = YES;
				CLANG_WARN_COMMA = YES;
				CLANG_WARN_CONSTANT_CONVERSION = YES;
				CLANG_WARN_DEPRECATED_OBJC_IMPLEMENTATIONS = YES;
				CLANG_WARN_DIRECT_OBJC_ISA_USAGE = YES_ERROR;
				CLANG_WARN_DOCUMENTATION_COMMENTS = YES;
				CLANG_WARN_EMPTY_BODY = YES;
				CLANG_WARN_ENUM_CONVERSION = YES;
				CLANG_WARN_INFINITE_RECURSION = YES;
				CLANG_WARN_INT_CONVERSION = YES;
				CLANG_WARN_NON_LITERAL_NULL_CONVERSION = YES;
				CLANG_WARN_OBJC_IMPLICIT_RETAIN_SELF = YES;
				CLANG_WARN_OBJC_LITERAL_CONVERSION = YES;
				CLANG_WARN_OBJC_ROOT_CLASS = YES_ERROR;
				CLANG_WARN_QUOTED_INCLUDE_IN_FRAMEWORK_HEADER = YES;
				CLANG_WARN_RANGE_LOOP_ANALYSIS = YES;
				CLANG_WARN_STRICT_PROTOTYPES = YES;
				CLANG_WARN_SUSPICIOUS_MOVE = YES;
				CLANG_WARN_UNGUARDED_AVAILABILITY = YES_AGGRESSIVE;
				CLANG_WARN_UNREACHABLE_CODE = YES;
				CLANG_WARN__DUPLICATE_METHOD_MATCH = YES;
				COPY_PHASE_STRIP = NO;
				DEBUG_INFORMATION_FORMAT = dwarf;
				ENABLE_STRICT_OBJC_MSGSEND = YES;
				ENABLE_TESTABILITY = YES;
				GCC_C_LANGUAGE_STANDARD = gnu11;
				GCC_DYNAMIC_NO_PIC = NO;
				GCC_NO_COMMON_BLOCKS = YES;
				GCC_OPTIMIZATION_LEVEL = 0;
				GCC_PREPROCESSOR_DEFINITIONS = (
					"DEBUG=1",
					"$(inherited)",
				);
				GCC_WARN_64_TO_32_BIT_CONVERSION = YES;
				GCC_WARN_ABOUT_RETURN_TYPE = YES_ERROR;
				GCC_WARN_UNDECLARED_SELECTOR = YES;
				GCC_WARN_UNINITIALIZED_AUTOS = YES_AGGRESSIVE;
				GCC_WARN_UNUSED_FUNCTION = YES;
				GCC_WARN_UNUSED_VARIABLE = YES;
				IPHONEOS_DEPLOYMENT_TARGET = 16.2;
				MTL_ENABLE_DEBUG_INFO = INCLUDE_SOURCE;
				MTL_FAST_MATH = YES;
				ONLY_ACTIVE_ARCH = YES;
				SDKROOT = iphoneos;
				SWIFT_ACTIVE_COMPILATION_CONDITIONS = DEBUG;
				SWIFT_OPTIMIZATION_LEVEL = "-Onone";
			};
			name = Debug;
		};
		257ED2F62A0CB83C0061B153 /* Release */ = {
			isa = XCBuildConfiguration;
			buildSettings = {
				ALWAYS_SEARCH_USER_PATHS = NO;
				CLANG_ANALYZER_NONNULL = YES;
				CLANG_ANALYZER_NUMBER_OBJECT_CONVERSION = YES_AGGRESSIVE;
				CLANG_CXX_LANGUAGE_STANDARD = "gnu++20";
				CLANG_ENABLE_MODULES = YES;
				CLANG_ENABLE_OBJC_ARC = YES;
				CLANG_ENABLE_OBJC_WEAK = YES;
				CLANG_WARN_BLOCK_CAPTURE_AUTORELEASING = YES;
				CLANG_WARN_BOOL_CONVERSION = YES;
				CLANG_WARN_COMMA = YES;
				CLANG_WARN_CONSTANT_CONVERSION = YES;
				CLANG_WARN_DEPRECATED_OBJC_IMPLEMENTATIONS = YES;
				CLANG_WARN_DIRECT_OBJC_ISA_USAGE = YES_ERROR;
				CLANG_WARN_DOCUMENTATION_COMMENTS = YES;
				CLANG_WARN_EMPTY_BODY = YES;
				CLANG_WARN_ENUM_CONVERSION = YES;
				CLANG_WARN_INFINITE_RECURSION = YES;
				CLANG_WARN_INT_CONVERSION = YES;
				CLANG_WARN_NON_LITERAL_NULL_CONVERSION = YES;
				CLANG_WARN_OBJC_IMPLICIT_RETAIN_SELF = YES;
				CLANG_WARN_OBJC_LITERAL_CONVERSION = YES;
				CLANG_WARN_OBJC_ROOT_CLASS = YES_ERROR;
				CLANG_WARN_QUOTED_INCLUDE_IN_FRAMEWORK_HEADER = YES;
				CLANG_WARN_RANGE_LOOP_ANALYSIS = YES;
				CLANG_WARN_STRICT_PROTOTYPES = YES;
				CLANG_WARN_SUSPICIOUS_MOVE = YES;
				CLANG_WARN_UNGUARDED_AVAILABILITY = YES_AGGRESSIVE;
				CLANG_WARN_UNREACHABLE_CODE = YES;
				CLANG_WARN__DUPLICATE_METHOD_MATCH = YES;
				COPY_PHASE_STRIP = NO;
				DEBUG_INFORMATION_FORMAT = "dwarf-with-dsym";
				ENABLE_NS_ASSERTIONS = NO;
				ENABLE_STRICT_OBJC_MSGSEND = YES;
				GCC_C_LANGUAGE_STANDARD = gnu11;
				GCC_NO_COMMON_BLOCKS = YES;
				GCC_WARN_64_TO_32_BIT_CONVERSION = YES;
				GCC_WARN_ABOUT_RETURN_TYPE = YES_ERROR;
				GCC_WARN_UNDECLARED_SELECTOR = YES;
				GCC_WARN_UNINITIALIZED_AUTOS = YES_AGGRESSIVE;
				GCC_WARN_UNUSED_FUNCTION = YES;
				GCC_WARN_UNUSED_VARIABLE = YES;
				IPHONEOS_DEPLOYMENT_TARGET = 16.2;
				MTL_ENABLE_DEBUG_INFO = NO;
				MTL_FAST_MATH = YES;
				SDKROOT = iphoneos;
				SWIFT_COMPILATION_MODE = wholemodule;
				SWIFT_OPTIMIZATION_LEVEL = "-O";
				VALIDATE_PRODUCT = YES;
			};
			name = Release;
		};
		257ED2F82A0CB83C0061B153 /* Debug */ = {
			isa = XCBuildConfiguration;
			buildSettings = {
				ASSETCATALOG_COMPILER_APPICON_NAME = AppIcon;
				ASSETCATALOG_COMPILER_GLOBAL_ACCENT_COLOR_NAME = AccentColor;
				CODE_SIGN_STYLE = Automatic;
				CURRENT_PROJECT_VERSION = 1;
				DEVELOPMENT_TEAM = 78RLVB89Q5;
				GENERATE_INFOPLIST_FILE = YES;
				INFOPLIST_FILE = EkekoII/Info.plist;
				INFOPLIST_KEY_UIApplicationSupportsIndirectInputEvents = YES;
				INFOPLIST_KEY_UILaunchStoryboardName = LaunchScreen;
				INFOPLIST_KEY_UIMainStoryboardFile = Main;
				INFOPLIST_KEY_UISupportedInterfaceOrientations_iPad = "UIInterfaceOrientationPortrait UIInterfaceOrientationPortraitUpsideDown UIInterfaceOrientationLandscapeLeft UIInterfaceOrientationLandscapeRight";
				INFOPLIST_KEY_UISupportedInterfaceOrientations_iPhone = "UIInterfaceOrientationPortrait UIInterfaceOrientationLandscapeLeft UIInterfaceOrientationLandscapeRight";
				LD_RUNPATH_SEARCH_PATHS = (
					"$(inherited)",
					"@executable_path/Frameworks",
				);
				MARKETING_VERSION = 1.0;
				PRODUCT_BUNDLE_IDENTIFIER = TTTT.EkekoII;
				PRODUCT_NAME = "$(TARGET_NAME)";
				SWIFT_EMIT_LOC_STRINGS = YES;
				SWIFT_VERSION = 5.0;
				TARGETED_DEVICE_FAMILY = "1,2";
			};
			name = Debug;
		};
		257ED2F92A0CB83C0061B153 /* Release */ = {
			isa = XCBuildConfiguration;
			buildSettings = {
				ASSETCATALOG_COMPILER_APPICON_NAME = AppIcon;
				ASSETCATALOG_COMPILER_GLOBAL_ACCENT_COLOR_NAME = AccentColor;
				CODE_SIGN_STYLE = Automatic;
				CURRENT_PROJECT_VERSION = 1;
				DEVELOPMENT_TEAM = 78RLVB89Q5;
				GENERATE_INFOPLIST_FILE = YES;
				INFOPLIST_FILE = EkekoII/Info.plist;
				INFOPLIST_KEY_UIApplicationSupportsIndirectInputEvents = YES;
				INFOPLIST_KEY_UILaunchStoryboardName = LaunchScreen;
				INFOPLIST_KEY_UIMainStoryboardFile = Main;
				INFOPLIST_KEY_UISupportedInterfaceOrientations_iPad = "UIInterfaceOrientationPortrait UIInterfaceOrientationPortraitUpsideDown UIInterfaceOrientationLandscapeLeft UIInterfaceOrientationLandscapeRight";
				INFOPLIST_KEY_UISupportedInterfaceOrientations_iPhone = "UIInterfaceOrientationPortrait UIInterfaceOrientationLandscapeLeft UIInterfaceOrientationLandscapeRight";
				LD_RUNPATH_SEARCH_PATHS = (
					"$(inherited)",
					"@executable_path/Frameworks",
				);
				MARKETING_VERSION = 1.0;
				PRODUCT_BUNDLE_IDENTIFIER = TTTT.EkekoII;
				PRODUCT_NAME = "$(TARGET_NAME)";
				SWIFT_EMIT_LOC_STRINGS = YES;
				SWIFT_VERSION = 5.0;
				TARGETED_DEVICE_FAMILY = "1,2";
			};
			name = Release;
		};
/* End XCBuildConfiguration section */

/* Begin XCConfigurationList section */
		257ED2DB2A0CB83B0061B153 /* Build configuration list for PBXProject "EkekoII" */ = {
			isa = XCConfigurationList;
			buildConfigurations = (
				257ED2F52A0CB83C0061B153 /* Debug */,
				257ED2F62A0CB83C0061B153 /* Release */,
			);
			defaultConfigurationIsVisible = 0;
			defaultConfigurationName = Release;
		};
		257ED2F72A0CB83C0061B153 /* Build configuration list for PBXNativeTarget "EkekoII" */ = {
			isa = XCConfigurationList;
			buildConfigurations = (
				257ED2F82A0CB83C0061B153 /* Debug */,
				257ED2F92A0CB83C0061B153 /* Release */,
			);
			defaultConfigurationIsVisible = 0;
			defaultConfigurationName = Release;
		};
/* End XCConfigurationList section */

/* Begin XCVersionGroup section */
		257ED2EC2A0CB83B0061B153 /* EkekoII.xcdatamodeld */ = {
			isa = XCVersionGroup;
			children = (
				257ED2ED2A0CB83B0061B153 /* EkekoII.xcdatamodel */,
			);
			currentVersion = 257ED2ED2A0CB83B0061B153 /* EkekoII.xcdatamodel */;
			path = EkekoII.xcdatamodeld;
			sourceTree = "<group>";
			versionGroupType = wrapper.xcdatamodel;
		};
/* End XCVersionGroup section */
	};
	rootObject = 257ED2D82A0CB83B0061B153 /* Project object */;
}
